# THIS IS AN AUTOGENERATED FILE. DO NOT EDIT THIS FILE DIRECTLY.
# yarn lockfile v1


fsevents@~2.3.2:
  version "2.3.2"
  resolved "https://registry.yarnpkg.com/fsevents/-/fsevents-2.3.2.tgz#8a526f78b8fdf4623b709e0b975c52c24c02fd1a"
  integrity sha512-xiqMQR4xAeHTuB9uWm+fFRcIOgKBMiOBP+eXiyT7jsgVCq1bkVygt00oASowB7EdtpOHaaPgKt812P9ab+DDKA==

pinyin-match@^1.2.2:
  version "1.2.2"
  resolved "https://registry.yarnpkg.com/pinyin-match/-/pinyin-match-1.2.2.tgz#24a60a5bce89fb2903f33f37492782d3f8e34eeb"
  integrity sha512-C0yOq4LkToJMkDHiQFKOY69El2GRcwdS2lVEjgWjIV8go3wE4mloGFNkVicGHFGYHDg523m2/lKzW8Hh+JR9nw==
  dependencies:
    rollup "^2.44.0"

rollup@^2.44.0:
  version "2.58.0"
  resolved "https://registry.yarnpkg.com/rollup/-/rollup-2.58.0.tgz#a643983365e7bf7f5b7c62a8331b983b7c4c67fb"
  integrity sha512-NOXpusKnaRpbS7ZVSzcEXqxcLDOagN6iFS8p45RkoiMqPHDLwJm758UF05KlMoCRbLBTZsPOIa887gZJ1AiXvw==
  optionalDependencies:
    fsevents "~2.3.2"
